uuid: f90b5792-dd06-42ac-ac79-c067d05f5397
langcode: en
status: true
dependencies:
  content:
    - 'block_content:basic:d38f27a5-2c31-4796-ae95-10888edf27e9'
  module:
    - block_content
  theme:
    - bsia
id: facultysubmenublock
theme: bsia
region: programatically_enabled
weight: -30
provider: null
plugin: 'block_content:d38f27a5-2c31-4796-ae95-10888edf27e9'
settings:
  id: 'block_content:d38f27a5-2c31-4796-ae95-10888edf27e9'
  label: 'Faculty Submenu block'
  provider: block_content
  label_display: '0'
  status: true
  info: ''
  view_mode: full
visibility: {  }
